{
    "_readme": [
        "This file locks the dependencies of your project to a known state",
        "Read more about it at https://getcomposer.org/doc/01-basic-usage.md#composer-lock-the-lock-file",
        "This file is @generated automatically"
    ],
    "hash": "3332b6a276db9200e0c8f449d50998b6",
    "content-hash": "a289b2129f758b1bb8383c4b25bff499",
    "packages": [
        {
            "name": "colymba/gridfield-bulk-editing-tools",
            "version": "2.1.x-dev",
            "source": {
                "type": "git",
                "url": "https://github.com/colymba/GridFieldBulkEditingTools.git",
                "reference": "3aad957a69c73b43d5e6a1cd7e86633b4a2f7e23"
            },
            "dist": {
                "type": "zip",
                "url": "https://api.github.com/repos/colymba/GridFieldBulkEditingTools/zipball/3aad957a69c73b43d5e6a1cd7e86633b4a2f7e23",
                "reference": "3aad957a69c73b43d5e6a1cd7e86633b4a2f7e23",
                "shasum": ""
            },
            "require": {
                "silverstripe/framework": ">=3.1"
            },
            "type": "silverstripe-module",
            "notification-url": "https://packagist.org/downloads/",
            "license": [
                "BSD Simplified"
            ],
            "authors": [
                {
                    "name": "Thierry Francois",
                    "homepage": "http://colymba.com"
                },
                {
                    "name": "GitHub contributors",
                    "homepage": "https://github.com/colymba/GridFieldBulkEditingTools/contributors"
                }
            ],
            "description": "SilverStripe 3 GridField component to upload images and edit records in bulk",
            "homepage": "https://github.com/colymba/GridFieldBulkEditingTools",
            "keywords": [
                "Image upload",
                "bulk upload",
                "gridfield bulk upload",
                "silverstripe"
            ],
            "time": "2017-01-25 12:41:08"
        },
        {
            "name": "composer/installers",
            "version": "dev-master",
            "source": {
                "type": "git",
                "url": "https://github.com/composer/installers.git",
                "reference": "fda8fe5c90d7612927f4533dab7d54df6d345028"
            },
            "dist": {
                "type": "zip",
                "url": "https://api.github.com/repos/composer/installers/zipball/fda8fe5c90d7612927f4533dab7d54df6d345028",
                "reference": "fda8fe5c90d7612927f4533dab7d54df6d345028",
                "shasum": ""
            },
            "require": {
                "composer-plugin-api": "^1.0"
            },
            "replace": {
                "roundcube/plugin-installer": "*",
                "shama/baton": "*"
            },
            "require-dev": {
                "composer/composer": "1.0.*@dev",
                "phpunit/phpunit": "4.1.*"
            },
            "type": "composer-plugin",
            "extra": {
                "class": "Composer\\Installers\\Plugin",
                "branch-alias": {
                    "dev-master": "1.0-dev"
                }
            },
            "autoload": {
                "psr-4": {
                    "Composer\\Installers\\": "src/Composer/Installers"
                }
            },
            "notification-url": "https://packagist.org/downloads/",
            "license": [
                "MIT"
            ],
            "authors": [
                {
                    "name": "Kyle Robinson Young",
                    "email": "kyle@dontkry.com",
                    "homepage": "https://github.com/shama"
                }
            ],
            "description": "A multi-framework Composer library installer",
            "homepage": "https://composer.github.io/installers/",
            "keywords": [
                "Craft",
                "Dolibarr",
                "Eliasis",
                "Hurad",
                "ImageCMS",
                "Kanboard",
                "MODX Evo",
                "Mautic",
                "Maya",
                "OXID",
                "Plentymarkets",
                "Porto",
                "RadPHP",
                "SMF",
                "Thelia",
                "WolfCMS",
                "agl",
                "aimeos",
                "annotatecms",
                "attogram",
                "bitrix",
                "cakephp",
                "chef",
                "cockpit",
                "codeigniter",
                "concrete5",
                "croogo",
                "dokuwiki",
                "drupal",
                "elgg",
                "expressionengine",
                "fuelphp",
                "grav",
                "installer",
                "itop",
                "joomla",
                "kohana",
                "laravel",
                "lavalite",
                "lithium",
                "magento",
                "mako",
                "mediawiki",
                "modulework",
                "moodle",
                "phpbb",
                "piwik",
                "ppi",
                "puppet",
                "reindex",
                "roundcube",
                "shopware",
                "silverstripe",
                "sydes",
                "symfony",
                "typo3",
                "wordpress",
                "yawik",
                "zend",
                "zikula"
            ],
            "time": "2017-03-13 09:27:45"
        },
        {
            "name": "jonom/focuspoint",
            "version": "dev-master",
            "source": {
                "type": "git",
                "url": "https://github.com/jonom/silverstripe-focuspoint.git",
                "reference": "9f3b2dd59f31c3e5c66f44220aedc76035992f64"
            },
            "dist": {
                "type": "zip",
                "url": "https://api.github.com/repos/jonom/silverstripe-focuspoint/zipball/9f3b2dd59f31c3e5c66f44220aedc76035992f64",
                "reference": "9f3b2dd59f31c3e5c66f44220aedc76035992f64",
                "shasum": ""
            },
            "require": {
                "silverstripe/framework": "^3.3"
            },
            "type": "silverstripe-module",
            "notification-url": "https://packagist.org/downloads/",
            "license": [
                "MIT"
            ],
            "authors": [
                {
                    "name": "Jonathon Menz",
                    "homepage": "http://jonathonmenz.com"
                }
            ],
            "description": "Smarter automatic image cropping for SilverStripe",
            "keywords": [
                "crop",
                "cropping",
                "focus",
                "focuspoint",
                "image",
                "silverstripe"
            ],
            "time": "2016-12-13 15:51:46"
        },
        {
            "name": "madcoda/php-youtube-api",
            "version": "v1.2.1",
            "source": {
                "type": "git",
                "url": "https://github.com/madcoda/php-youtube-api.git",
                "reference": "53307963a544452419597509bc8a4c7b9bfc0366"
            },
            "dist": {
                "type": "zip",
                "url": "https://api.github.com/repos/madcoda/php-youtube-api/zipball/53307963a544452419597509bc8a4c7b9bfc0366",
                "reference": "53307963a544452419597509bc8a4c7b9bfc0366",
                "shasum": ""
            },
            "require": {
                "php": ">5.3"
            },
            "require-dev": {
                "phpunit/phpunit": "3.7.*@stable"
            },
            "type": "library",
            "autoload": {
                "psr-4": {
                    "Madcoda\\Youtube\\": "src"
                },
                "classmap": [
                    "src/compat.php"
                ]
            },
            "notification-url": "https://packagist.org/downloads/",
            "license": [
                "MIT"
            ],
            "authors": [
                {
                    "name": "Madcoda",
                    "email": "jason@madcoda.com"
                }
            ],
            "description": "PHP wrapper for the Youtube Data API v3",
            "keywords": [
                "api",
                "madcoda",
                "video",
                "youtube"
            ],
            "time": "2016-11-02 11:56:08"
        },
        {
            "name": "md/division-bar",
            "version": "dev-master",
            "source": {
                "type": "git",
                "url": "https://github.com/StudentLifeMarketingAndDesign/division-bar.git",
                "reference": "22913ca8e3e4398f3042a4c076da682f7d2550b7"
            },
            "dist": {
                "type": "zip",
                "url": "https://api.github.com/repos/StudentLifeMarketingAndDesign/division-bar/zipball/22913ca8e3e4398f3042a4c076da682f7d2550b7",
                "reference": "22913ca8e3e4398f3042a4c076da682f7d2550b7",
                "shasum": ""
            },
            "require": {
                "php": ">=5.3.2",
                "silverstripe/cms": "3.*",
                "silverstripe/framework": "3.*"
            },
            "type": "silverstripe-module",
            "extra": {
                "branch-alias": {
                    "dev-master": "0.1.x-dev"
                }
            },
            "description": "The University of Iowa Division of Student Life Bar",
            "support": {
                "source": "https://github.com/StudentLifeMarketingAndDesign/division-bar/tree/master",
                "issues": "https://github.com/StudentLifeMarketingAndDesign/division-bar/issues"
            },
            "time": "2016-10-14 20:47:47"
        },
        {
            "name": "silverstripe-themes/simple",
            "version": "dev-master",
            "source": {
                "type": "git",
                "url": "https://github.com/silverstripe-themes/silverstripe-simple.git",
                "reference": "44a6eabbd5fd6558f5a298e8b320fdee5bf7ceb4"
            },
            "dist": {
                "type": "zip",
                "url": "https://api.github.com/repos/silverstripe-themes/silverstripe-simple/zipball/44a6eabbd5fd6558f5a298e8b320fdee5bf7ceb4",
                "reference": "44a6eabbd5fd6558f5a298e8b320fdee5bf7ceb4",
                "shasum": ""
            },
            "require": {
                "composer/installers": "*",
                "silverstripe/framework": ">=3.5"
            },
            "type": "silverstripe-theme",
            "extra": {
                "branch-alias": {
                    "dev-master": "3.2.x-dev"
                }
            },
            "notification-url": "https://packagist.org/downloads/",
            "license": [
                "BSD-3-Clause"
            ],
            "authors": [
                {
                    "name": "Sara Tušar (Innovaif)",
                    "homepage": "http://www.saratusar.com"
                }
            ],
            "description": "The SilverStripe simple theme (default SilverStripe 3 theme)",
            "keywords": [
                "silverstripe",
                "theme"
            ],
            "time": "2017-02-01 23:56:41"
        },
        {
            "name": "silverstripe/blog",
            "version": "2.x-dev",
            "source": {
                "type": "git",
                "url": "https://github.com/silverstripe/silverstripe-blog.git",
                "reference": "3e298b7b108c2a04d956716fe05bd05ba9703bc9"
            },
            "dist": {
                "type": "zip",
                "url": "https://api.github.com/repos/silverstripe/silverstripe-blog/zipball/3e298b7b108c2a04d956716fe05bd05ba9703bc9",
                "reference": "3e298b7b108c2a04d956716fe05bd05ba9703bc9",
                "shasum": ""
            },
            "require": {
                "silverstripe/cms": "^3.1.0",
                "silverstripe/lumberjack": "~1.1",
                "silverstripe/tagfield": "^1.0"
            },
            "replace": {
                "micmania1/silverstripe-blog": "*"
            },
            "require-dev": {
                "phpunit/phpunit": "~3.7@stable"
            },
            "suggest": {
                "silverstripe/comments": "This module adds comments to your blog.",
                "silverstripe/widgets": "Some widgets come with the blog which are compatible with the widgets module."
            },
            "type": "silverstripe-module",
            "extra": {
                "branch-alias": {
                    "2.x-dev": "2.5.x-dev"
                }
            },
            "notification-url": "https://packagist.org/downloads/",
            "license": [
                "BSD-2-Clause"
            ],
            "authors": [
                {
                    "name": "Michael Strong",
                    "email": "github@michaelstrong.co.uk"
                }
            ],
            "description": "A fresh take on blogging in Silverstripe set out to tackle the issue of a cluttered Site Tree.",
            "keywords": [
                "blog",
                "news",
                "silverstripe"
            ],
            "time": "2016-12-20 15:20:16"
        },
        {
            "name": "silverstripe/cms",
            "version": "3.5.3",
            "source": {
                "type": "git",
                "url": "https://github.com/silverstripe/silverstripe-cms.git",
                "reference": "80099f24b76b4ac36d38477f1ad8230208b031cb"
            },
            "dist": {
                "type": "zip",
                "url": "https://api.github.com/repos/silverstripe/silverstripe-cms/zipball/80099f24b76b4ac36d38477f1ad8230208b031cb",
                "reference": "80099f24b76b4ac36d38477f1ad8230208b031cb",
                "shasum": ""
            },
            "require": {
                "composer/installers": "*",
                "php": ">=5.3.3",
                "silverstripe/framework": "~3.4",
                "silverstripe/reports": "~3.4",
                "silverstripe/siteconfig": "~3.4"
            },
            "type": "silverstripe-module",
            "extra": {
                "branch-alias": {
                    "3.x-dev": "3.6.x-dev"
                }
            },
            "autoload": {
                "classmap": [
                    "tests/behat/"
                ]
            },
            "notification-url": "https://packagist.org/downloads/",
            "license": [
                "BSD-3-Clause"
            ],
            "authors": [
                {
                    "name": "SilverStripe",
                    "homepage": "http://silverstripe.com"
                },
                {
                    "name": "The SilverStripe Community",
                    "homepage": "http://silverstripe.org"
                }
            ],
            "description": "The SilverStripe Content Management System",
            "homepage": "http://silverstripe.org",
            "keywords": [
                "cms",
                "silverstripe"
            ],
            "time": "2017-02-20 17:01:15"
        },
        {
            "name": "silverstripe/framework",
            "version": "3.5.3",
            "source": {
                "type": "git",
                "url": "https://github.com/silverstripe/silverstripe-framework.git",
                "reference": "a2580456bda9ff513cf80227039fc79405908f3f"
            },
            "dist": {
                "type": "zip",
                "url": "https://api.github.com/repos/silverstripe/silverstripe-framework/zipball/a2580456bda9ff513cf80227039fc79405908f3f",
                "reference": "a2580456bda9ff513cf80227039fc79405908f3f",
                "shasum": ""
            },
            "require": {
                "composer/installers": "~1.0",
                "php": ">=5.3.3,<7"
            },
            "require-dev": {
                "phpunit/phpunit": "~3.7"
            },
            "type": "silverstripe-module",
            "extra": {
                "branch-alias": {
                    "3.x-dev": "3.5.x-dev"
                }
            },
            "autoload": {
                "classmap": [
                    "tests/behat/features/bootstrap"
                ]
            },
            "notification-url": "https://packagist.org/downloads/",
            "license": [
                "BSD-3-Clause"
            ],
            "authors": [
                {
                    "name": "SilverStripe",
                    "homepage": "http://silverstripe.com"
                },
                {
                    "name": "The SilverStripe Community",
                    "homepage": "http://silverstripe.org"
                }
            ],
            "description": "The SilverStripe framework",
            "homepage": "http://silverstripe.org",
            "keywords": [
                "framework",
                "silverstripe"
            ],
            "time": "2017-02-20 17:01:16"
        },
        {
            "name": "silverstripe/lumberjack",
            "version": "1.x-dev",
            "source": {
                "type": "git",
                "url": "https://github.com/silverstripe/silverstripe-lumberjack.git",
                "reference": "e85feffec01c414024bd1ba9e6cd668f2056631b"
            },
            "dist": {
                "type": "zip",
                "url": "https://api.github.com/repos/silverstripe/silverstripe-lumberjack/zipball/e85feffec01c414024bd1ba9e6cd668f2056631b",
                "reference": "e85feffec01c414024bd1ba9e6cd668f2056631b",
                "shasum": ""
            },
            "require": {
                "silverstripe/cms": "^3.1",
                "silverstripe/framework": "^3.1"
            },
            "require-dev": {
                "phpunit/phpunit": "~3.7@stable"
            },
            "type": "silverstripe-module",
            "extra": {
                "branch-alias": {
                    "1.x-dev": "1.2.x-dev"
                }
            },
            "notification-url": "https://packagist.org/downloads/",
            "license": [
                "BSD-2-Clause"
            ],
            "authors": [
                {
                    "name": "Michael Strong",
                    "email": "mstrong@silverstripe.org"
                }
            ],
            "description": "A module to make managing pages in a GridField easy without losing any of the functionality that you're used to in the CMS.",
            "time": "2016-11-16 04:32:56"
        },
        {
            "name": "silverstripe/reports",
            "version": "3.x-dev",
            "source": {
                "type": "git",
                "url": "https://github.com/silverstripe/silverstripe-reports.git",
                "reference": "b10955d98584df546f6d05a91576923368378d06"
            },
            "dist": {
                "type": "zip",
                "url": "https://api.github.com/repos/silverstripe/silverstripe-reports/zipball/b10955d98584df546f6d05a91576923368378d06",
                "reference": "b10955d98584df546f6d05a91576923368378d06",
                "shasum": ""
            },
            "require": {
                "php": ">=5.3.3,<7",
                "silverstripe/framework": "~3.3"
            },
            "require-dev": {
                "phpunit/phpunit": "~3.7"
            },
            "type": "silverstripe-module",
            "extra": {
                "branch-alias": {
                    "3.x-dev": "3.6.x-dev"
                }
            },
            "notification-url": "https://packagist.org/downloads/",
            "license": [
                "BSD-3-Clause"
            ],
            "authors": [
                {
                    "name": "SilverStripe",
                    "homepage": "http://silverstripe.com"
                },
                {
                    "name": "The SilverStripe Community",
                    "homepage": "http://silverstripe.org"
                }
            ],
            "description": "Reports module for SilverStripe CMS",
            "homepage": "http://silverstripe.org",
            "keywords": [
                "cms",
                "reports",
                "silverstripe"
            ],
            "time": "2016-11-28 14:14:09"
        },
        {
            "name": "silverstripe/siteconfig",
            "version": "3.x-dev",
            "source": {
                "type": "git",
                "url": "https://github.com/silverstripe/silverstripe-siteconfig.git",
                "reference": "838c2e950ac18a7d7395aa6df9c0feed612bf8d2"
            },
            "dist": {
                "type": "zip",
                "url": "https://api.github.com/repos/silverstripe/silverstripe-siteconfig/zipball/838c2e950ac18a7d7395aa6df9c0feed612bf8d2",
                "reference": "838c2e950ac18a7d7395aa6df9c0feed612bf8d2",
                "shasum": ""
            },
            "require": {
                "silverstripe/framework": "*"
            },
            "type": "silverstripe-module",
            "extra": {
                "installer-name": "siteconfig",
                "branch-alias": {
                    "3.x-dev": "3.6.x-dev"
                }
            },
            "autoload": {
                "classmap": [
                    "tests/behat/"
                ]
            },
            "notification-url": "https://packagist.org/downloads/",
            "authors": [
                {
                    "name": "Will Rossiter",
                    "email": "will@fullscreen.io"
                }
            ],
            "description": "Site wide settings administration.",
            "keywords": [
                "silverstripe",
                "siteconfig"
            ],
            "time": "2016-12-22 00:19:14"
        },
        {
            "name": "silverstripe/tagfield",
            "version": "1.x-dev",
            "source": {
                "type": "git",
                "url": "https://github.com/silverstripe/silverstripe-tagfield.git",
                "reference": "e205fb4f6d4f52755ef866fd6b27ffaf3400d49b"
            },
            "dist": {
                "type": "zip",
                "url": "https://api.github.com/repos/silverstripe/silverstripe-tagfield/zipball/e205fb4f6d4f52755ef866fd6b27ffaf3400d49b",
                "reference": "e205fb4f6d4f52755ef866fd6b27ffaf3400d49b",
                "shasum": ""
            },
            "require": {
                "silverstripe/framework": "~3.1"
            },
            "type": "silverstripe-module",
            "extra": {
                "branch-alias": {
                    "1.x-dev": "1.4.x-dev"
                }
            },
            "notification-url": "https://packagist.org/downloads/",
            "license": [
                "BSD-3-Clause"
            ],
            "authors": [
                {
                    "name": "Christopher Pitt",
                    "email": "chris@silverstripe.com",
                    "homepage": "http://github.com/assertchris"
                }
            ],
            "description": "Tag field for Silverstripe",
            "keywords": [
                "field",
                "silverstripe",
                "tag"
            ],
            "time": "2016-12-20 15:25:21"
        },
        {
            "name": "silverstripe/widgets",
            "version": "1.3.x-dev",
            "source": {
                "type": "git",
                "url": "https://github.com/silverstripe/silverstripe-widgets.git",
                "reference": "ef40ca30aa5d3fb0d627f8601e8bb06cd69acc00"
            },
            "dist": {
                "type": "zip",
                "url": "https://api.github.com/repos/silverstripe/silverstripe-widgets/zipball/ef40ca30aa5d3fb0d627f8601e8bb06cd69acc00",
                "reference": "ef40ca30aa5d3fb0d627f8601e8bb06cd69acc00",
                "shasum": ""
            },
            "require": {
                "silverstripe/cms": "^3.2",
                "silverstripe/framework": "^3.2"
            },
            "require-dev": {
                "phpunit/phpunit": "~3.7@stable"
            },
            "type": "silverstripe-module",
            "extra": {
                "branch-alias": []
            },
            "notification-url": "https://packagist.org/downloads/",
            "license": [
                "BSD-3-Clause"
            ],
            "authors": [
                {
                    "name": "Ingo Schommer",
                    "email": "ingo@silverstripe.com"
                }
            ],
            "description": "Widgets are small pieces of functionality such as showing the latest Comments or Flickr Photos. They normally display on the sidebar of your website.",
            "keywords": [
                "blog",
                "silverstripe",
                "widgets"
            ],
            "time": "2017-01-25 13:31:44"
        },
        {
            "name": "undefinedoffset/sortablegridfield",
            "version": "dev-master",
            "source": {
                "type": "git",
                "url": "https://github.com/UndefinedOffset/SortableGridField.git",
                "reference": "94e916b4d91c7c0672a138a6c0a5e82a17c69f91"
            },
            "dist": {
                "type": "zip",
                "url": "https://api.github.com/repos/UndefinedOffset/SortableGridField/zipball/94e916b4d91c7c0672a138a6c0a5e82a17c69f91",
                "reference": "94e916b4d91c7c0672a138a6c0a5e82a17c69f91",
                "shasum": ""
            },
            "require": {
                "composer/installers": "*",
                "silverstripe/framework": ">=3.0.1"
            },
            "type": "silverstripe-module",
            "extra": {
                "installer-name": "sortablegridfield"
            },
            "notification-url": "https://packagist.org/downloads/",
            "license": [
                "BSD-3-Clause"
            ],
            "authors": [
                {
                    "name": "Ed Chipman",
                    "homepage": "http://www.edchipman.ca",
                    "role": "Developer"
                }
            ],
            "description": "Adds drag and drop functionality to SilverStripe 3.0's GridField",
            "keywords": [
                "gridfield",
                "silverstripe"
            ],
            "time": "2016-11-24 14:01:29"
        }
    ],
    "packages-dev": [
        {
            "name": "phpunit/php-code-coverage",
            "version": "1.2.x-dev",
            "source": {
                "type": "git",
                "url": "https://github.com/sebastianbergmann/php-code-coverage.git",
                "reference": "fe2466802556d3fe4e4d1d58ffd3ccfd0a19be0b"
            },
            "dist": {
                "type": "zip",
                "url": "https://api.github.com/repos/sebastianbergmann/php-code-coverage/zipball/fe2466802556d3fe4e4d1d58ffd3ccfd0a19be0b",
                "reference": "fe2466802556d3fe4e4d1d58ffd3ccfd0a19be0b",
                "shasum": ""
            },
            "require": {
                "php": ">=5.3.3",
                "phpunit/php-file-iterator": ">=1.3.0@stable",
                "phpunit/php-text-template": ">=1.2.0@stable",
                "phpunit/php-token-stream": ">=1.1.3,<1.3.0"
            },
            "require-dev": {
                "phpunit/phpunit": "3.7.*@dev"
            },
            "suggest": {
                "ext-dom": "*",
                "ext-xdebug": ">=2.0.5"
            },
            "type": "library",
            "extra": {
                "branch-alias": {
                    "dev-master": "1.2.x-dev"
                }
            },
            "autoload": {
                "classmap": [
                    "PHP/"
                ]
            },
            "notification-url": "https://packagist.org/downloads/",
            "include-path": [
                ""
            ],
            "license": [
                "BSD-3-Clause"
            ],
            "authors": [
                {
                    "name": "Sebastian Bergmann",
                    "email": "sb@sebastian-bergmann.de",
                    "role": "lead"
                }
            ],
            "description": "Library that provides collection, processing, and rendering functionality for PHP code coverage information.",
            "homepage": "https://github.com/sebastianbergmann/php-code-coverage",
            "keywords": [
                "coverage",
                "testing",
                "xunit"
            ],
            "time": "2014-09-02 10:13:14"
        },
        {
            "name": "phpunit/php-file-iterator",
            "version": "dev-master",
            "source": {
                "type": "git",
                "url": "https://github.com/sebastianbergmann/php-file-iterator.git",
                "reference": "3cc8f69b3028d0f96a9078e6295d86e9bf019be5"
            },
            "dist": {
                "type": "zip",
                "url": "https://api.github.com/repos/sebastianbergmann/php-file-iterator/zipball/3cc8f69b3028d0f96a9078e6295d86e9bf019be5",
                "reference": "3cc8f69b3028d0f96a9078e6295d86e9bf019be5",
                "shasum": ""
            },
            "require": {
                "php": ">=5.3.3"
            },
            "type": "library",
            "extra": {
                "branch-alias": {
                    "dev-master": "1.4.x-dev"
                }
            },
            "autoload": {
                "classmap": [
                    "src/"
                ]
            },
            "notification-url": "https://packagist.org/downloads/",
            "license": [
                "BSD-3-Clause"
            ],
            "authors": [
                {
                    "name": "Sebastian Bergmann",
                    "email": "sb@sebastian-bergmann.de",
                    "role": "lead"
                }
            ],
            "description": "FilterIterator implementation that filters files based on a list of suffixes.",
            "homepage": "https://github.com/sebastianbergmann/php-file-iterator/",
            "keywords": [
                "filesystem",
                "iterator"
            ],
            "time": "2016-10-03 07:40:28"
        },
        {
            "name": "phpunit/php-text-template",
            "version": "1.2.1",
            "source": {
                "type": "git",
                "url": "https://github.com/sebastianbergmann/php-text-template.git",
                "reference": "31f8b717e51d9a2afca6c9f046f5d69fc27c8686"
            },
            "dist": {
                "type": "zip",
                "url": "https://api.github.com/repos/sebastianbergmann/php-text-template/zipball/31f8b717e51d9a2afca6c9f046f5d69fc27c8686",
                "reference": "31f8b717e51d9a2afca6c9f046f5d69fc27c8686",
                "shasum": ""
            },
            "require": {
                "php": ">=5.3.3"
            },
            "type": "library",
            "autoload": {
                "classmap": [
                    "src/"
                ]
            },
            "notification-url": "https://packagist.org/downloads/",
            "license": [
                "BSD-3-Clause"
            ],
            "authors": [
                {
                    "name": "Sebastian Bergmann",
                    "email": "sebastian@phpunit.de",
                    "role": "lead"
                }
            ],
            "description": "Simple template engine.",
            "homepage": "https://github.com/sebastianbergmann/php-text-template/",
            "keywords": [
                "template"
            ],
            "time": "2015-06-21 13:50:34"
        },
        {
            "name": "phpunit/php-timer",
            "version": "dev-master",
            "source": {
                "type": "git",
                "url": "https://github.com/sebastianbergmann/php-timer.git",
                "reference": "d107f347d368dd8a384601398280c7c608390ab7"
            },
            "dist": {
                "type": "zip",
                "url": "https://api.github.com/repos/sebastianbergmann/php-timer/zipball/d107f347d368dd8a384601398280c7c608390ab7",
                "reference": "d107f347d368dd8a384601398280c7c608390ab7",
                "shasum": ""
            },
            "require": {
                "php": "^5.3.3 || ^7.0"
            },
            "require-dev": {
                "phpunit/phpunit": "^4.8.35 || ^5.7 || ^6.0"
            },
            "type": "library",
            "extra": {
                "branch-alias": {
                    "dev-master": "1.0-dev"
                }
            },
            "autoload": {
                "classmap": [
                    "src/"
                ]
            },
            "notification-url": "https://packagist.org/downloads/",
            "license": [
                "BSD-3-Clause"
            ],
            "authors": [
                {
                    "name": "Sebastian Bergmann",
                    "email": "sb@sebastian-bergmann.de",
                    "role": "lead"
                }
            ],
            "description": "Utility class for timing",
            "homepage": "https://github.com/sebastianbergmann/php-timer/",
            "keywords": [
                "timer"
            ],
            "time": "2017-03-07 15:42:04"
        },
        {
            "name": "phpunit/php-token-stream",
            "version": "1.2.2",
            "source": {
                "type": "git",
                "url": "https://github.com/sebastianbergmann/php-token-stream.git",
                "reference": "ad4e1e23ae01b483c16f600ff1bebec184588e32"
            },
            "dist": {
                "type": "zip",
                "url": "https://api.github.com/repos/sebastianbergmann/php-token-stream/zipball/ad4e1e23ae01b483c16f600ff1bebec184588e32",
                "reference": "ad4e1e23ae01b483c16f600ff1bebec184588e32",
                "shasum": ""
            },
            "require": {
                "ext-tokenizer": "*",
                "php": ">=5.3.3"
            },
            "type": "library",
            "extra": {
                "branch-alias": {
                    "dev-master": "1.2-dev"
                }
            },
            "autoload": {
                "classmap": [
                    "PHP/"
                ]
            },
            "notification-url": "https://packagist.org/downloads/",
            "include-path": [
                ""
            ],
            "license": [
                "BSD-3-Clause"
            ],
            "authors": [
                {
                    "name": "Sebastian Bergmann",
                    "email": "sb@sebastian-bergmann.de",
                    "role": "lead"
                }
            ],
            "description": "Wrapper around PHP's tokenizer extension.",
            "homepage": "https://github.com/sebastianbergmann/php-token-stream/",
            "keywords": [
                "tokenizer"
            ],
            "time": "2014-03-03 05:10:30"
        },
        {
            "name": "phpunit/phpunit",
            "version": "3.7.38",
            "source": {
                "type": "git",
                "url": "https://github.com/sebastianbergmann/phpunit.git",
                "reference": "38709dc22d519a3d1be46849868aa2ddf822bcf6"
            },
            "dist": {
                "type": "zip",
                "url": "https://api.github.com/repos/sebastianbergmann/phpunit/zipball/38709dc22d519a3d1be46849868aa2ddf822bcf6",
                "reference": "38709dc22d519a3d1be46849868aa2ddf822bcf6",
                "shasum": ""
            },
            "require": {
                "ext-ctype": "*",
                "ext-dom": "*",
                "ext-json": "*",
                "ext-pcre": "*",
                "ext-reflection": "*",
                "ext-spl": "*",
                "php": ">=5.3.3",
                "phpunit/php-code-coverage": "~1.2",
                "phpunit/php-file-iterator": "~1.3",
                "phpunit/php-text-template": "~1.1",
                "phpunit/php-timer": "~1.0",
                "phpunit/phpunit-mock-objects": "~1.2",
                "symfony/yaml": "~2.0"
            },
            "require-dev": {
                "pear-pear.php.net/pear": "1.9.4"
            },
            "suggest": {
                "phpunit/php-invoker": "~1.1"
            },
            "bin": [
                "composer/bin/phpunit"
            ],
            "type": "library",
            "extra": {
                "branch-alias": {
                    "dev-master": "3.7.x-dev"
                }
            },
            "autoload": {
                "classmap": [
                    "PHPUnit/"
                ]
            },
            "notification-url": "https://packagist.org/downloads/",
            "include-path": [
                "",
                "../../symfony/yaml/"
            ],
            "license": [
                "BSD-3-Clause"
            ],
            "authors": [
                {
                    "name": "Sebastian Bergmann",
                    "email": "sebastian@phpunit.de",
                    "role": "lead"
                }
            ],
            "description": "The PHP Unit Testing framework.",
            "homepage": "http://www.phpunit.de/",
            "keywords": [
                "phpunit",
                "testing",
                "xunit"
            ],
            "time": "2014-10-17 09:04:17"
        },
        {
            "name": "phpunit/phpunit-mock-objects",
            "version": "1.2.x-dev",
            "source": {
                "type": "git",
                "url": "https://github.com/sebastianbergmann/phpunit-mock-objects.git",
                "reference": "c39c4511c3b007539eb170c32cbc2af49a07351a"
            },
            "dist": {
                "type": "zip",
                "url": "https://api.github.com/repos/sebastianbergmann/phpunit-mock-objects/zipball/c39c4511c3b007539eb170c32cbc2af49a07351a",
                "reference": "c39c4511c3b007539eb170c32cbc2af49a07351a",
                "shasum": ""
            },
            "require": {
                "php": ">=5.3.3",
                "phpunit/php-text-template": ">=1.1.1@stable"
            },
            "require-dev": {
                "phpunit/phpunit": "3.7.*@dev"
            },
            "suggest": {
                "ext-soap": "*"
            },
            "type": "library",
            "extra": {
                "branch-alias": {
                    "dev-master": "1.2.x-dev"
                }
            },
            "autoload": {
                "classmap": [
                    "PHPUnit/"
                ]
            },
            "notification-url": "https://packagist.org/downloads/",
            "include-path": [
                ""
            ],
            "license": [
                "BSD-3-Clause"
            ],
            "authors": [
                {
                    "name": "Sebastian Bergmann",
                    "email": "sb@sebastian-bergmann.de",
                    "role": "lead"
                }
            ],
            "description": "Mock Object library for PHPUnit",
            "homepage": "https://github.com/sebastianbergmann/phpunit-mock-objects/",
            "keywords": [
                "mock",
                "xunit"
            ],
            "time": "2014-02-16 12:43:56"
        },
        {
            "name": "symfony/yaml",
            "version": "2.8.x-dev",
            "source": {
                "type": "git",
                "url": "https://github.com/symfony/yaml.git",
                "reference": "841f67594b6f6a0b1024569aab10623bf903f393"
            },
            "dist": {
                "type": "zip",
                "url": "https://api.github.com/repos/symfony/yaml/zipball/841f67594b6f6a0b1024569aab10623bf903f393",
                "reference": "841f67594b6f6a0b1024569aab10623bf903f393",
                "shasum": ""
            },
            "require": {
                "php": ">=5.3.9"
            },
            "type": "library",
            "extra": {
                "branch-alias": {
                    "dev-master": "2.8-dev"
                }
            },
            "autoload": {
                "psr-4": {
                    "Symfony\\Component\\Yaml\\": ""
                },
                "exclude-from-classmap": [
                    "/Tests/"
                ]
            },
            "notification-url": "https://packagist.org/downloads/",
            "license": [
                "MIT"
            ],
            "authors": [
                {
                    "name": "Fabien Potencier",
                    "email": "fabien@symfony.com"
                },
                {
                    "name": "Symfony Community",
                    "homepage": "https://symfony.com/contributors"
                }
            ],
            "description": "Symfony Yaml Component",
            "homepage": "https://symfony.com",
            "time": "2017-03-07 16:19:54"
        }
    ],
    "aliases": [],
    "minimum-stability": "dev",
    "stability-flags": {
        "silverstripe/cms": 0,
        "silverstripe/framework": 0,
        "phpunit/phpunit": 0
    },
    "prefer-stable": false,
    "prefer-lowest": false,
    "platform": {
        "php": ">=5.3.2"
    },
    "platform-dev": []
}
